// !$*UTF8*$!
{
	archiveVersion = 1;
	classes = {
	};
	objectVersion = 55;
	objects = {

/* Begin PBXBuildFile section */
		F252825D2BD960100036F804 /* AppDelegate.swift in Sources */ = {isa = PBXBuildFile; fileRef = F252825C2BD960100036F804 /* AppDelegate.swift */; };
		F252825F2BD960100036F804 /* SceneDelegate.swift in Sources */ = {isa = PBXBuildFile; fileRef = F252825E2BD960100036F804 /* SceneDelegate.swift */; };
		F25282612BD960100036F804 /* ViewController.swift in Sources */ = {isa = PBXBuildFile; fileRef = F25282602BD960100036F804 /* ViewController.swift */; };
		F25282642BD960100036F804 /* Main.storyboard in Resources */ = {isa = PBXBuildFile; fileRef = F25282622BD960100036F804 /* Main.storyboard */; };
		F25282662BD960120036F804 /* Assets.xcassets in Resources */ = {isa = PBXBuildFile; fileRef = F25282652BD960120036F804 /* Assets.xcassets */; };
		F25282692BD960120036F804 /* LaunchScreen.storyboard in Resources */ = {isa = PBXBuildFile; fileRef = F25282672BD960120036F804 /* LaunchScreen.storyboard */; };
		F25282712BD9605B0036F804 /* FirstViewController.swift in Sources */ = {isa = PBXBuildFile; fileRef = F25282702BD9605B0036F804 /* FirstViewController.swift */; };
		F25282732BD9606A0036F804 /* SecondViewController.swift in Sources */ = {isa = PBXBuildFile; fileRef = F25282722BD9606A0036F804 /* SecondViewController.swift */; };
		F25282752BD962820036F804 /* calculadora.png in Resources */ = {isa = PBXBuildFile; fileRef = F25282742BD962820036F804 /* calculadora.png */; };
/* End PBXBuildFile section */

/* Begin PBXFileReference section */
		F25282592BD960100036F804 /* UsoDeControlesHilares.app */ = {isa = PBXFileReference; explicitFileType = wrapper.application; includeInIndex = 0; path = UsoDeControlesHilares.app; sourceTree = BUILT_PRODUCTS_DIR; };
		F252825C2BD960100036F804 /* AppDelegate.swift */ = {isa = PBXFileReference; lastKnownFileType = sourcecode.swift; path = AppDelegate.swift; sourceTree = "<group>"; };
		F252825E2BD960100036F804 /* SceneDelegate.swift */ = {isa = PBXFileReference; lastKnownFileType = sourcecode.swift; path = SceneDelegate.swift; sourceTree = "<group>"; };
		F25282602BD960100036F804 /* ViewController.swift */ = {isa = PBXFileReference; lastKnownFileType = sourcecode.swift; path = ViewController.swift; sourceTree = "<group>"; };
		F25282632BD960100036F804 /* Base */ = {isa = PBXFileReference; lastKnownFileType = file.storyboard; name = Base; path = Base.lproj/Main.storyboard; sourceTree = "<group>"; };
		F25282652BD960120036F804 /* Assets.xcassets */ = {isa = PBXFileReference; lastKnownFileType = folder.assetcatalog; path = Assets.xcassets; sourceTree = "<group>"; };
		F25282682BD960120036F804 /* Base */ = {isa = PBXFileReference; lastKnownFileType = file.storyboard; name = Base; path = Base.lproj/LaunchScreen.storyboard; sourceTree = "<group>"; };
		F252826A2BD960120036F804 /* Info.plist */ = {isa = PBXFileReference; lastKnownFileType = text.plist.xml; path = Info.plist; sourceTree = "<group>"; };
		F25282702BD9605B0036F804 /* FirstViewController.swift */ = {isa = PBXFileReference; lastKnownFileType = sourcecode.swift; path = FirstViewController.swift; sourceTree = "<group>"; };
		F25282722BD9606A0036F804 /* SecondViewController.swift */ = {isa = PBXFileReference; lastKnownFileType = sourcecode.swift; path = SecondViewController.swift; sourceTree = "<group>"; };
		F25282742BD962820036F804 /* calculadora.png */ = {isa = PBXFileReference; lastKnownFileType = image.png; path = calculadora.png; sourceTree = "<group>"; };
/* End PBXFileReference section */

/* Begin PBXFrameworksBuildPhase section */
		F25282562BD960100036F804 /* Frameworks */ = {
			isa = PBXFrameworksBuildPhase;
			buildActionMask = 2147483647;
			files = (
			);
			runOnlyForDeploymentPostprocessing = 0;
		};
/* End PBXFrameworksBuildPhase section */

/* Begin PBXGroup section */
		F25282502BD960100036F804 = {
			isa = PBXGroup;
			children = (
				F252825B2BD960100036F804 /* UsoDeControlesHilares */,
				F252825A2BD960100036F804 /* Products */,
			);
			sourceTree = "<group>";
		};
		F252825A2BD960100036F804 /* Products */ = {
			isa = PBXGroup;
			children = (
				F25282592BD960100036F804 /* UsoDeControlesHilares.app */,
			);
			name = Products;
			sourceTree = "<group>";
		};
		F252825B2BD960100036F804 /* UsoDeControlesHilares */ = {
			isa = PBXGroup;
			children = (
				F25282742BD962820036F804 /* calculadora.png */,
				F252825C2BD960100036F804 /* AppDelegate.swift */,
				F252825E2BD960100036F804 /* SceneDelegate.swift */,
				F25282602BD960100036F804 /* ViewController.swift */,
				F25282622BD960100036F804 /* Main.storyboard */,
				F25282652BD960120036F804 /* Assets.xcassets */,
				F25282672BD960120036F804 /* LaunchScreen.storyboard */,
				F252826A2BD960120036F804 /* Info.plist */,
				F25282702BD9605B0036F804 /* FirstViewController.swift */,
				F25282722BD9606A0036F804 /* SecondViewController.swift */,
			);
			path = UsoDeControlesHilares;
			sourceTree = "<group>";
		};
/* End PBXGroup section */

/* Begin PBXNativeTarget section */
		F25282582BD960100036F804 /* UsoDeControlesHilares */ = {
			isa = PBXNativeTarget;
			buildConfigurationList = F252826D2BD960120036F804 /* Build configuration list for PBXNativeTarget "UsoDeControlesHilares" */;
			buildPhases = (
				F25282552BD960100036F804 /* Sources */,
				F25282562BD960100036F804 /* Frameworks */,
				F25282572BD960100036F804 /* Resources */,
			);
			buildRules = (
			);
			dependencies = (
			);
			name = UsoDeControlesHilares;
			productName = UsoDeControlesHilares;
			productReference = F25282592BD960100036F804 /* UsoDeControlesHilares.app */;
			productType = "com.apple.product-type.application";
		};
/* End PBXNativeTarget section */

/* Begin PBXProject section */
		F25282512BD960100036F804 /* Project object */ = {
			isa = PBXProject;
			attributes = {
				BuildIndependentTargetsInParallel = 1;
				LastSwiftUpdateCheck = 1330;
				LastUpgradeCheck = 1330;
				TargetAttributes = {
					F25282582BD960100036F804 = {
						CreatedOnToolsVersion = 13.3;
					};
				};
			};
			buildConfigurationList = F25282542BD960100036F804 /* Build configuration list for PBXProject "UsoDeControlesHilares" */;
			compatibilityVersion = "Xcode 13.0";
			developmentRegion = en;
			hasScannedForEncodings = 0;
			knownRegions = (
				en,
				Base,
			);
			mainGroup = F25282502BD960100036F804;
			productRefGroup = F252825A2BD960100036F804 /* Products */;
			projectDirPath = "";
			projectRoot = "";
			targets = (
				F25282582BD960100036F804 /* UsoDeControlesHilares */,
			);
		};
/* End PBXProject section */

/* Begin PBXResourcesBuildPhase section */
		F25282572BD960100036F804 /* Resources */ = {
			isa = PBXResourcesBuildPhase;
			buildActionMask = 2147483647;
			files = (
				F25282692BD960120036F804 /* LaunchScreen.storyboard in Resources */,
				F25282752BD962820036F804 /* calculadora.png in Resources */,
				F25282662BD960120036F804 /* Assets.xcassets in Resources */,
				F25282642BD960100036F804 /* Main.storyboard in Resources */,
			);
			runOnlyForDeploymentPostprocessing = 0;
		};
/* End PBXResourcesBuildPhase section */

/* Begin PBXSourcesBuildPhase section */
		F25282552BD960100036F804 /* Sources */ = {
			isa = PBXSourcesBuildPhase;
			buildActionMask = 2147483647;
			files = (
				F25282612BD960100036F804 /* ViewController.swift in Sources */,
				F252825D2BD960100036F804 /* AppDelegate.swift in Sources */,
				F252825F2BD960100036F804 /* SceneDelegate.swift in Sources */,
				F25282732BD9606A0036F804 /* SecondViewController.swift in Sources */,
				F25282712BD9605B0036F804 /* FirstViewController.swift in Sources */,
			);
			runOnlyForDeploymentPostprocessing = 0;
		};
/* End PBXSourcesBuildPhase section */

/* Begin PBXVariantGroup section */
		F25282622BD960100036F804 /* Main.storyboard */ = {
			isa = PBXVariantGroup;
			children = (
				F25282632BD960100036F804 /* Base */,
			);
			name = Main.storyboard;
			sourceTree = "<group>";
		};
		F25282672BD960120036F804 /* LaunchScreen.storyboard */ = {
			isa = PBXVariantGroup;
			children = (
				F25282682BD960120036F804 /* Base */,
			);
			name = LaunchScreen.storyboard;
			sourceTree = "<group>";
		};
/* End PBXVariantGroup section */

/* Begin XCBuildConfiguration section */
		F252826B2BD960120036F804 /* Debug */ = {
			isa = XCBuildConfiguration;
			buildSettings = {
				ALWAYS_SEARCH_USER_PATHS = NO;
				CLANG_ANALYZER_NONNULL = YES;
				CLANG_ANALYZER_NUMBER_OBJECT_CONVERSION = YES_AGGRESSIVE;
				CLANG_CXX_LANGUAGE_STANDARD = "gnu++17";
				CLANG_ENABLE_MODULES = YES;
				CLANG_ENABLE_OBJC_ARC = YES;
				CLANG_ENABLE_OBJC_WEAK = YES;
				CLANG_WARN_BLOCK_CAPTURE_AUTORELEASING = YES;
				CLANG_WARN_BOOL_CONVERSION = YES;
				CLANG_WARN_COMMA = YES;
				CLANG_WARN_CONSTANT_CONVERSION = YES;
				CLANG_WARN_DEPRECATED_OBJC_IMPLEMENTATIONS = YES;
				CLANG_WARN_DIRECT_OBJC_ISA_USAGE = YES_ERROR;
				CLANG_WARN_DOCUMENTATION_COMMENTS = YES;
				CLANG_WARN_EMPTY_BODY = YES;
				CLANG_WARN_ENUM_CONVERSION = YES;
				CLANG_WARN_INFINITE_RECURSION = YES;
				CLANG_WARN_INT_CONVERSION = YES;
				CLANG_WARN_NON_LITERAL_NULL_CONVERSION = YES;
				CLANG_WARN_OBJC_IMPLICIT_RETAIN_SELF = YES;
				CLANG_WARN_OBJC_LITERAL_CONVERSION = YES;
				CLANG_WARN_OBJC_ROOT_CLASS = YES_ERROR;
				CLANG_WARN_QUOTED_INCLUDE_IN_FRAMEWORK_HEADER = YES;
				CLANG_WARN_RANGE_LOOP_ANALYSIS = YES;
				CLANG_WARN_STRICT_PROTOTYPES = YES;
				CLANG_WARN_SUSPICIOUS_MOVE = YES;
				CLANG_WARN_UNGUARDED_AVAILABILITY = YES_AGGRESSIVE;
				CLANG_WARN_UNREACHABLE_CODE = YES;
				CLANG_WARN__DUPLICATE_METHOD_MATCH = YES;
				COPY_PHASE_STRIP = NO;
				DEBUG_INFORMATION_FORMAT = dwarf;
				ENABLE_STRICT_OBJC_MSGSEND = YES;
				ENABLE_TESTABILITY = YES;
				GCC_C_LANGUAGE_STANDARD = gnu11;
				GCC_DYNAMIC_NO_PIC = NO;
				GCC_NO_COMMON_BLOCKS = YES;
				GCC_OPTIMIZATION_LEVEL = 0;
				GCC_PREPROCESSOR_DEFINITIONS = (
					"DEBUG=1",
					"$(inherited)",
				);
				GCC_WARN_64_TO_32_BIT_CONVERSION = YES;
				GCC_WARN_ABOUT_RETURN_TYPE = YES_ERROR;
				GCC_WARN_UNDECLARED_SELECTOR = YES;
				GCC_WARN_UNINITIALIZED_AUTOS = YES_AGGRESSIVE;
				GCC_WARN_UNUSED_FUNCTION = YES;
				GCC_WARN_UNUSED_VARIABLE = YES;
				IPHONEOS_DEPLOYMENT_TARGET = 15.4;
				MTL_ENABLE_DEBUG_INFO = INCLUDE_SOURCE;
				MTL_FAST_MATH = YES;
				ONLY_ACTIVE_ARCH = YES;
				SDKROOT = iphoneos;
				SWIFT_ACTIVE_COMPILATION_CONDITIONS = DEBUG;
				SWIFT_OPTIMIZATION_LEVEL = "-Onone";
			};
			name = Debug;
		};
		F252826C2BD960120036F804 /* Release */ = {
			isa = XCBuildConfiguration;
			buildSettings = {
				ALWAYS_SEARCH_USER_PATHS = NO;
				CLANG_ANALYZER_NONNULL = YES;
				CLANG_ANALYZER_NUMBER_OBJECT_CONVERSION = YES_AGGRESSIVE;
				CLANG_CXX_LANGUAGE_STANDARD = "gnu++17";
				CLANG_ENABLE_MODULES = YES;
				CLANG_ENABLE_OBJC_ARC = YES;
				CLANG_ENABLE_OBJC_WEAK = YES;
				CLANG_WARN_BLOCK_CAPTURE_AUTORELEASING = YES;
				CLANG_WARN_BOOL_CONVERSION = YES;
				CLANG_WARN_COMMA = YES;
				CLANG_WARN_CONSTANT_CONVERSION = YES;
				CLANG_WARN_DEPRECATED_OBJC_IMPLEMENTATIONS = YES;
				CLANG_WARN_DIRECT_OBJC_ISA_USAGE = YES_ERROR;
				CLANG_WARN_DOCUMENTATION_COMMENTS = YES;
				CLANG_WARN_EMPTY_BODY = YES;
				CLANG_WARN_ENUM_CONVERSION = YES;
				CLANG_WARN_INFINITE_RECURSION = YES;
				CLANG_WARN_INT_CONVERSION = YES;
				CLANG_WARN_NON_LITERAL_NULL_CONVERSION = YES;
				CLANG_WARN_OBJC_IMPLICIT_RETAIN_SELF = YES;
				CLANG_WARN_OBJC_LITERAL_CONVERSION = YES;
				CLANG_WARN_OBJC_ROOT_CLASS = YES_ERROR;
				CLANG_WARN_QUOTED_INCLUDE_IN_FRAMEWORK_HEADER = YES;
				CLANG_WARN_RANGE_LOOP_ANALYSIS = YES;
				CLANG_WARN_STRICT_PROTOTYPES = YES;
				CLANG_WARN_SUSPICIOUS_MOVE = YES;
				CLANG_WARN_UNGUARDED_AVAILABILITY = YES_AGGRESSIVE;
				CLANG_WARN_UNREACHABLE_CODE = YES;
				CLANG_WARN__DUPLICATE_METHOD_MATCH = YES;
				COPY_PHASE_STRIP = NO;
				DEBUG_INFORMATION_FORMAT = "dwarf-with-dsym";
				ENABLE_NS_ASSERTIONS = NO;
				ENABLE_STRICT_OBJC_MSGSEND = YES;
				GCC_C_LANGUAGE_STANDARD = gnu11;
				GCC_NO_COMMON_BLOCKS = YES;
				GCC_WARN_64_TO_32_BIT_CONVERSION = YES;
				GCC_WARN_ABOUT_RETURN_TYPE = YES_ERROR;
				GCC_WARN_UNDECLARED_SELECTOR = YES;
				GCC_WARN_UNINITIALIZED_AUTOS = YES_AGGRESSIVE;
				GCC_WARN_UNUSED_FUNCTION = YES;
				GCC_WARN_UNUSED_VARIABLE = YES;
				IPHONEOS_DEPLOYMENT_TARGET = 15.4;
				MTL_ENABLE_DEBUG_INFO = NO;
				MTL_FAST_MATH = YES;
				SDKROOT = iphoneos;
				SWIFT_COMPILATION_MODE = wholemodule;
				SWIFT_OPTIMIZATION_LEVEL = "-O";
				VALIDATE_PRODUCT = YES;
			};
			name = Release;
		};
		F252826E2BD960120036F804 /* Debug */ = {
			isa = XCBuildConfiguration;
			buildSettings = {
				ASSETCATALOG_COMPILER_APPICON_NAME = AppIcon;
				ASSETCATALOG_COMPILER_GLOBAL_ACCENT_COLOR_NAME = AccentColor;
				CODE_SIGN_STYLE = Automatic;
				CURRENT_PROJECT_VERSION = 1;
				DEVELOPMENT_TEAM = Z4SL8MF2UL;
				GENERATE_INFOPLIST_FILE = YES;
				INFOPLIST_FILE = UsoDeControlesHilares/Info.plist;
				INFOPLIST_KEY_UIApplicationSupportsIndirectInputEvents = YES;
				INFOPLIST_KEY_UILaunchStoryboardName = LaunchScreen;
				INFOPLIST_KEY_UIMainStoryboardFile = Main;
				INFOPLIST_KEY_UISupportedInterfaceOrientations_iPad = "UIInterfaceOrientationPortrait UIInterfaceOrientationPortraitUpsideDown UIInterfaceOrientationLandscapeLeft UIInterfaceOrientationLandscapeRight";
				INFOPLIST_KEY_UISupportedInterfaceOrientations_iPhone = "UIInterfaceOrientationPortrait UIInterfaceOrientationLandscapeLeft UIInterfaceOrientationLandscapeRight";
				LD_RUNPATH_SEARCH_PATHS = (
					"$(inherited)",
					"@executable_path/Frameworks",
				);
				MARKETING_VERSION = 1.0;
				PRODUCT_BUNDLE_IDENTIFIER = miempresa.UsoDeControlesHilares;
				PRODUCT_NAME = "$(TARGET_NAME)";
				SWIFT_EMIT_LOC_STRINGS = YES;
				SWIFT_VERSION = 5.0;
				TARGETED_DEVICE_FAMILY = "1,2";
			};
			name = Debug;
		};
		F252826F2BD960120036F804 /* Release */ = {
			isa = XCBuildConfiguration;
			buildSettings = {
				ASSETCATALOG_COMPILER_APPICON_NAME = AppIcon;
				ASSETCATALOG_COMPILER_GLOBAL_ACCENT_COLOR_NAME = AccentColor;
				CODE_SIGN_STYLE = Automatic;
				CURRENT_PROJECT_VERSION = 1;
				DEVELOPMENT_TEAM = Z4SL8MF2UL;
				GENERATE_INFOPLIST_FILE = YES;
				INFOPLIST_FILE = UsoDeControlesHilares/Info.plist;
				INFOPLIST_KEY_UIApplicationSupportsIndirectInputEvents = YES;
				INFOPLIST_KEY_UILaunchStoryboardName = LaunchScreen;
				INFOPLIST_KEY_UIMainStoryboardFile = Main;
				INFOPLIST_KEY_UISupportedInterfaceOrientations_iPad = "UIInterfaceOrientationPortrait UIInterfaceOrientationPortraitUpsideDown UIInterfaceOrientationLandscapeLeft UIInterfaceOrientationLandscapeRight";
				INFOPLIST_KEY_UISupportedInterfaceOrientations_iPhone = "UIInterfaceOrientationPortrait UIInterfaceOrientationLandscapeLeft UIInterfaceOrientationLandscapeRight";
				LD_RUNPATH_SEARCH_PATHS = (
					"$(inherited)",
					"@executable_path/Frameworks",
				);
				MARKETING_VERSION = 1.0;
				PRODUCT_BUNDLE_IDENTIFIER = miempresa.UsoDeControlesHilares;
				PRODUCT_NAME = "$(TARGET_NAME)";
				SWIFT_EMIT_LOC_STRINGS = YES;
				SWIFT_VERSION = 5.0;
				TARGETED_DEVICE_FAMILY = "1,2";
			};
			name = Release;
		};
/* End XCBuildConfiguration section */

/* Begin XCConfigurationList section */
		F25282542BD960100036F804 /* Build configuration list for PBXProject "UsoDeControlesHilares" */ = {
			isa = XCConfigurationList;
			buildConfigurations = (
				F252826B2BD960120036F804 /* Debug */,
				F252826C2BD960120036F804 /* Release */,
			);
			defaultConfigurationIsVisible = 0;
			defaultConfigurationName = Release;
		};
		F252826D2BD960120036F804 /* Build configuration list for PBXNativeTarget "UsoDeControlesHilares" */ = {
			isa = XCConfigurationList;
			buildConfigurations = (
				F252826E2BD960120036F804 /* Debug */,
				F252826F2BD960120036F804 /* Release */,
			);
			defaultConfigurationIsVisible = 0;
			defaultConfigurationName = Release;
		};
/* End XCConfigurationList section */
	};
	rootObject = F25282512BD960100036F804 /* Project object */;
}
